
Microsoft Visual Studio Solution File, Format Version 12.00
# Visual Studio Version 16
VisualStudioVersion = 16.0.29409.12
MinimumVisualStudioVersion = 10.0.40219.1
Project("{FAE04EC0-301F-11D3-BF4B-00C04F79EFBC}") = "TarefaDocker", "TarefaDocker\TarefaDocker.csproj", "{5A18941E-5779-473A-87BF-41921EB9CE4E}"
EndProject
Global
	GlobalSection(SolutionConfigurationPlatforms) = preSolution
		Debug|Any CPU = Debug|Any CPU
		Release|Any CPU = Release|Any CPU
	EndGlobalSection
	GlobalSection(ProjectConfigurationPlatforms) = postSolution
		{5A18941E-5779-473A-87BF-41921EB9CE4E}.Debug|Any CPU.ActiveCfg = Debug|Any CPU
		{5A18941E-5779-473A-87BF-41921EB9CE4E}.Debug|Any CPU.Build.0 = Debug|Any CPU
		{5A18941E-5779-473A-87BF-41921EB9CE4E}.Release|Any CPU.ActiveCfg = Release|Any CPU
		{5A18941E-5779-473A-87BF-41921EB9CE4E}.Release|Any CPU.Build.0 = Release|Any CPU
	EndGlobalSection
	GlobalSection(SolutionProperties) = preSolution
		HideSolutionNode = FALSE
	EndGlobalSection
	GlobalSection(ExtensibilityGlobals) = postSolution
		SolutionGuid = {ACB60923-9667-46B6-B367-15934E6718C9}
	EndGlobalSection
EndGlobal
